github.com/ot4go/cargoxml v0.0.4 h1:NnIZGc9Ucd3LGb0+9pY57G7LNbXHi6slP4rfTd3Bfo0=
github.com/ot4go/cargoxml v0.0.4/go.mod h1:aAohRcJvehaSS7XrK61jso3NozuzaU0y8W2EZQjGrHU=
github.com/ot4go/fmlines v0.0.1 h1:j+uZUg5EO2LzbcNhAym6ohMKMW+7ZhbicjljLBjafUQ=
github.com/ot4go/fmlines v0.0.1/go.mod h1:jfQkS4sVnnmb/z5zi5I4DJgoODtcdTCJ2KqSPLaHyzU=
github.com/ot4go/linereader v0.0.2 h1:JEicryRcBRX9tBVX/LXzVM4Vm2fj1/7iYbBK2b90JJY=
github.com/ot4go/linereader v0.0.2/go.mod h1:J9HZT9MFpqL5gj7XB7bLXdbjSuPa2itwqsMBeVgFHCg=
github.com/ot4go/miniskin v0.4.0 h1:8NMVRc0BC6XU2EoJ2imfSGaOv/5tecyzPXUxGXviAFg=
github.com/ot4go/miniskin v0.4.0/go.mod h1:i4nkw+XnVJJpUBY5HAdYVJOsnz3fTSw0G0Y1zMgjR7U=
github.com/ot4go/mkskill v0.2.2 h1:k7gWQrfaCYg9t6rMGOtFdSP1KSjyZTEGMVkyw5gXGU0=
github.com/ot4go/mkskill v0.2.2/go.mod h1:ovVY0VwM/oVmMthFt8V91oUOHj0ht7x8YrVOqjywTPw=
github.com/ot4go/mskblob v0.0.2 h1:SeOdsAsMOymTDRwvaateqCGkPJzxQrmuN5l6uw+WbeM=
github.com/ot4go/mskblob v0.0.2/go.mod h1:2gw34Ukwef4xnpOk/k0MxepyNxbtNsBrcH1RJZ/yCCE=
github.com/tdewolff/minify/v2 v2.24.13 h1:xrcF7gKDnUszseEY9WX9mUlZII2v2Go/QAcAwRASw58=
github.com/tdewolff/minify/v2 v2.24.13/go.mod h1:emvwoYeIl8bfAKqRU5ww95LX9Gpggpqv/naal9a8Yq0=
github.com/tdewolff/parse/v2 v2.8.12 h1:5BBjfaCv482v3nltlS0u6wH1xJaxjR6ofDrWttNvROg=
github.com/tdewolff/parse/v2 v2.8.12/go.mod h1:Hwlni2tiVNKyzR1o6nUs4FOF07URA+JLBLd6dlIXYqo=
github.com/tdewolff/test v1.0.11/go.mod h1:XPuWBzvdUzhCuxWO1ojpXsyzsA5bFoS3tO/Q3kFuTG8=
github.com/tdewolff/test v1.0.12 h1:7F21DqIajswxuche0geHdrUZRCWE4oko4b7bcmkkrxk=
github.com/tdewolff/test v1.0.12/go.mod h1:XPuWBzvdUzhCuxWO1ojpXsyzsA5bFoS3tO/Q3kFuTG8=
